{
  "nodes": {
    "nixpkgs": {
      "locked": {
        "lastModified": 1707238373,
        "narHash": "sha256-WKxT0yLzWbFZwYi92lI0yWJpYtRaFSWHGX8QXzejapw=",
        "owner": "nixos",
        "repo": "nixpkgs",
        "rev": "fb0c047e30b69696acc42e669d02452ca1b55755",
        "type": "github"
      },
      "original": {
        "owner": "nixos",
        "ref": "nixos-23.11",
        "repo": "nixpkgs",
        "type": "github"
      }
    },
    "root": {
      "inputs": {
        "nixpkgs": "nixpkgs"
      }
    }
  },
  "root": "root",
  "version": 7
}
